<?xml version="1.0" encoding="utf-8"?>
<Project ToolsVersion="4.0" xmlns="http://schemas.microsoft.com/developer/msbuild/2003">
  <ItemGroup>
    <ClInclude Include="Common\header.h" />
    <ClInclude Include="Core\AES_GCM.h" />
    <ClInclude Include="GUI\ModeButton.h" />
    <ClInclude Include="Utils\FileHandle.h" />
    <ClInclude Include="Utils\Password.h" />
    <ClInclude Include="Utils\UserInput.h" />
  </ItemGroup>
  <ItemGroup>
    <ClCompile Include="Common\main.cpp" />
    <ClCompile Include="Core\AES_GCM.cpp" />
    <ClCompile Include="Core\AES_GCM_decryption.cpp" />
    <ClCompile Include="Core\AES_GCM_encryption.cpp" />
    <ClCompile Include="Core\Worker.cpp" />
    <ClCompile Include="GUI\InputGUI.cpp" />
    <ClCompile Include="GUI\MainGUI.cpp" />
    <ClCompile Include="GUI\ModeButton.cpp" />
    <ClCompile Include="GUI\ProgressGUI.cpp" />
    <ClCompile Include="GUI\PWLineEdit.cpp" />
    <ClCompile Include="Utils\library.cpp" />
  </ItemGroup>
  <ItemGroup>
    <QtMoc Include="Core\Worker.h" />
    <QtMoc Include="GUI\InputGUI.h" />
    <QtMoc Include="GUI\MainGUI.h" />
    <QtMoc Include="GUI\ProgressGUI.h" />
    <QtMoc Include="GUI\PWLineEdit.h" />
  </ItemGroup>
</Project>